
Microsoft Visual Studio Solution File, Format Version 12.00
# Visual Studio Version 16
VisualStudioVersion = 16.0.30204.135
MinimumVisualStudioVersion = 10.0.40219.1
Project("{FAE04EC0-301F-11D3-BF4B-00C04F79EFBC}") = "EntityFramework", "EntityFramework\EntityFramework.csproj", "{74888B4F-402E-4F40-AD78-038493ADA7A6}"
EndProject
Global
	GlobalSection(SolutionConfigurationPlatforms) = preSolution
		Debug|Any CPU = Debug|Any CPU
		Release|Any CPU = Release|Any CPU
	EndGlobalSection
	GlobalSection(ProjectConfigurationPlatforms) = postSolution
		{74888B4F-402E-4F40-AD78-038493ADA7A6}.Debug|Any CPU.ActiveCfg = Debug|Any CPU
		{74888B4F-402E-4F40-AD78-038493ADA7A6}.Debug|Any CPU.Build.0 = Debug|Any CPU
		{74888B4F-402E-4F40-AD78-038493ADA7A6}.Release|Any CPU.ActiveCfg = Release|Any CPU
		{74888B4F-402E-4F40-AD78-038493ADA7A6}.Release|Any CPU.Build.0 = Release|Any CPU
	EndGlobalSection
	GlobalSection(SolutionProperties) = preSolution
		HideSolutionNode = FALSE
	EndGlobalSection
	GlobalSection(ExtensibilityGlobals) = postSolution
		SolutionGuid = {F3E5D1A1-E03C-4BEE-A0D8-7DAD121E0D37}
	EndGlobalSection
EndGlobal
